
Microsoft Visual Studio Solution File, Format Version 12.00
# Visual Studio Version 17
VisualStudioVersion = 17.4.33213.308
MinimumVisualStudioVersion = 10.0.40219.1
Project("{FAE04EC0-301F-11D3-BF4B-00C04F79EFBC}") = "Raio", "Raio\Raio.csproj", "{600FE2ED-7E38-4919-9CAA-8D8300CCC877}"
EndProject
Global
	GlobalSection(SolutionConfigurationPlatforms) = preSolution
		Debug|Any CPU = Debug|Any CPU
		Release|Any CPU = Release|Any CPU
	EndGlobalSection
	GlobalSection(ProjectConfigurationPlatforms) = postSolution
		{600FE2ED-7E38-4919-9CAA-8D8300CCC877}.Debug|Any CPU.ActiveCfg = Debug|Any CPU
		{600FE2ED-7E38-4919-9CAA-8D8300CCC877}.Debug|Any CPU.Build.0 = Debug|Any CPU
		{600FE2ED-7E38-4919-9CAA-8D8300CCC877}.Release|Any CPU.ActiveCfg = Release|Any CPU
		{600FE2ED-7E38-4919-9CAA-8D8300CCC877}.Release|Any CPU.Build.0 = Release|Any CPU
	EndGlobalSection
	GlobalSection(SolutionProperties) = preSolution
		HideSolutionNode = FALSE
	EndGlobalSection
	GlobalSection(ExtensibilityGlobals) = postSolution
		SolutionGuid = {A36B0774-A197-48FD-A4DC-0C12E7396BBF}
	EndGlobalSection
EndGlobal
